
Microsoft Visual Studio Solution File, Format Version 12.00
# Visual Studio 15
VisualStudioVersion = 15.0.28307.421
MinimumVisualStudioVersion = 10.0.40219.1
Project("{FAE04EC0-301F-11D3-BF4B-00C04F79EFBC}") = "MVC", "MVC.csproj", "{4D401EA1-52B9-450B-905D-B5B90E9D4FA9}"
EndProject
Global
	GlobalSection(SolutionConfigurationPlatforms) = preSolution
		Debug|Any CPU = Debug|Any CPU
		Release|Any CPU = Release|Any CPU
	EndGlobalSection
	GlobalSection(ProjectConfigurationPlatforms) = postSolution
		{4D401EA1-52B9-450B-905D-B5B90E9D4FA9}.Debug|Any CPU.ActiveCfg = Debug|Any CPU
		{4D401EA1-52B9-450B-905D-B5B90E9D4FA9}.Debug|Any CPU.Build.0 = Debug|Any CPU
		{4D401EA1-52B9-450B-905D-B5B90E9D4FA9}.Release|Any CPU.ActiveCfg = Release|Any CPU
		{4D401EA1-52B9-450B-905D-B5B90E9D4FA9}.Release|Any CPU.Build.0 = Release|Any CPU
	EndGlobalSection
	GlobalSection(SolutionProperties) = preSolution
		HideSolutionNode = FALSE
	EndGlobalSection
	GlobalSection(ExtensibilityGlobals) = postSolution
		SolutionGuid = {3E8A551E-1323-4AE2-841C-A7F75E612144}
	EndGlobalSection
EndGlobal
