
Microsoft Visual Studio Solution File, Format Version 12.00
# Visual Studio 15
VisualStudioVersion = 15.0.28307.421
MinimumVisualStudioVersion = 10.0.40219.1
Project("{FAE04EC0-301F-11D3-BF4B-00C04F79EFBC}") = "Deligates", "Deligates.csproj", "{BACA8DCB-7337-4464-A65D-0298D18DEE77}"
EndProject
Global
	GlobalSection(SolutionConfigurationPlatforms) = preSolution
		Debug|Any CPU = Debug|Any CPU
		Release|Any CPU = Release|Any CPU
	EndGlobalSection
	GlobalSection(ProjectConfigurationPlatforms) = postSolution
		{BACA8DCB-7337-4464-A65D-0298D18DEE77}.Debug|Any CPU.ActiveCfg = Debug|Any CPU
		{BACA8DCB-7337-4464-A65D-0298D18DEE77}.Debug|Any CPU.Build.0 = Debug|Any CPU
		{BACA8DCB-7337-4464-A65D-0298D18DEE77}.Release|Any CPU.ActiveCfg = Release|Any CPU
		{BACA8DCB-7337-4464-A65D-0298D18DEE77}.Release|Any CPU.Build.0 = Release|Any CPU
	EndGlobalSection
	GlobalSection(SolutionProperties) = preSolution
		HideSolutionNode = FALSE
	EndGlobalSection
	GlobalSection(ExtensibilityGlobals) = postSolution
		SolutionGuid = {9D4CC65F-BBF5-42CB-BF00-6010DB6D4C4D}
	EndGlobalSection
EndGlobal
