
Microsoft Visual Studio Solution File, Format Version 12.00
# Visual Studio 15
VisualStudioVersion = 15.0.28307.421
MinimumVisualStudioVersion = 10.0.40219.1
Project("{FAE04EC0-301F-11D3-BF4B-00C04F79EFBC}") = "WpfDelegates", "WpfDelegates.csproj", "{612196C9-068D-4469-98EB-E0E9DDF9FB94}"
EndProject
Global
	GlobalSection(SolutionConfigurationPlatforms) = preSolution
		Debug|Any CPU = Debug|Any CPU
		Release|Any CPU = Release|Any CPU
	EndGlobalSection
	GlobalSection(ProjectConfigurationPlatforms) = postSolution
		{612196C9-068D-4469-98EB-E0E9DDF9FB94}.Debug|Any CPU.ActiveCfg = Debug|Any CPU
		{612196C9-068D-4469-98EB-E0E9DDF9FB94}.Debug|Any CPU.Build.0 = Debug|Any CPU
		{612196C9-068D-4469-98EB-E0E9DDF9FB94}.Release|Any CPU.ActiveCfg = Release|Any CPU
		{612196C9-068D-4469-98EB-E0E9DDF9FB94}.Release|Any CPU.Build.0 = Release|Any CPU
	EndGlobalSection
	GlobalSection(SolutionProperties) = preSolution
		HideSolutionNode = FALSE
	EndGlobalSection
	GlobalSection(ExtensibilityGlobals) = postSolution
		SolutionGuid = {287AB919-9794-423C-942B-0CD11AC9EA63}
	EndGlobalSection
EndGlobal
